
Microsoft Visual Studio Solution File, Format Version 12.00
# Visual Studio Version 17
VisualStudioVersion = 17.0.31903.59
MinimumVisualStudioVersion = 10.0.40219.1
Project("{9A19103F-16F7-4668-BE54-9A1E7A4F7556}") = "Foundation", "Foundation6\Foundation.csproj", "{A6EDCEAE-BB11-48BC-BAF0-44BF1469DFB2}"
EndProject
Project("{9A19103F-16F7-4668-BE54-9A1E7A4F7556}") = "Foundation.Tests", "Foundation6.Tests\Foundation.Tests.csproj", "{BBACDFF4-A0C4-4BE4-9006-4492534C91B3}"
EndProject
Project("{9A19103F-16F7-4668-BE54-9A1E7A4F7556}") = "Foundation.Algorithms", "Foundation.Algorithms\Foundation.Algorithms.csproj", "{1D6C0B49-B2C0-4CB1-8E92-C250F70FADAE}"
EndProject
Project("{9A19103F-16F7-4668-BE54-9A1E7A4F7556}") = "Foundation.DI", "Foundation.DI\Foundation.DI.csproj", "{7E4CDC00-B6A4-4EBE-8AEF-8DF42DF98605}"
EndProject
Project("{9A19103F-16F7-4668-BE54-9A1E7A4F7556}") = "Foundation.Benchmarks", "Foundation.Benchmarks\Foundation.Benchmarks.csproj", "{67B6A25F-DE78-4DC8-ABC7-5D47A798611A}"
EndProject
Project("{2150E333-8FDC-42A3-9474-1A3956D46DE8}") = "Solution Items", "Solution Items", "{F111E4AE-5AD4-428C-9A4F-45FB34E41095}"
	ProjectSection(SolutionItems) = preProject
		Directory.Packages.props = Directory.Packages.props
	EndProjectSection
EndProject
Project("{FAE04EC0-301F-11D3-BF4B-00C04F79EFBC}") = "Foundation.DesignPatterns", "Foundation.DesignPatterns\Foundation.DesignPatterns.csproj", "{DA93FDC6-E504-49A3-82B9-D979B3FDE14F}"
EndProject
Project("{FAE04EC0-301F-11D3-BF4B-00C04F79EFBC}") = "Foundation.TestUtil", "Foundation.TestUtil\Foundation.TestUtil.csproj", "{100DEE45-DEFE-474C-C353-FF04C7287450}"
EndProject
Global
	GlobalSection(SolutionConfigurationPlatforms) = preSolution
		Debug|Any CPU = Debug|Any CPU
		Release|Any CPU = Release|Any CPU
	EndGlobalSection
	GlobalSection(ProjectConfigurationPlatforms) = postSolution
		{A6EDCEAE-BB11-48BC-BAF0-44BF1469DFB2}.Debug|Any CPU.ActiveCfg = Debug|Any CPU
		{A6EDCEAE-BB11-48BC-BAF0-44BF1469DFB2}.Debug|Any CPU.Build.0 = Debug|Any CPU
		{A6EDCEAE-BB11-48BC-BAF0-44BF1469DFB2}.Release|Any CPU.ActiveCfg = Release|Any CPU
		{A6EDCEAE-BB11-48BC-BAF0-44BF1469DFB2}.Release|Any CPU.Build.0 = Release|Any CPU
		{BBACDFF4-A0C4-4BE4-9006-4492534C91B3}.Debug|Any CPU.ActiveCfg = Debug|Any CPU
		{BBACDFF4-A0C4-4BE4-9006-4492534C91B3}.Debug|Any CPU.Build.0 = Debug|Any CPU
		{BBACDFF4-A0C4-4BE4-9006-4492534C91B3}.Release|Any CPU.ActiveCfg = Release|Any CPU
		{BBACDFF4-A0C4-4BE4-9006-4492534C91B3}.Release|Any CPU.Build.0 = Release|Any CPU
		{1D6C0B49-B2C0-4CB1-8E92-C250F70FADAE}.Debug|Any CPU.ActiveCfg = Debug|Any CPU
		{1D6C0B49-B2C0-4CB1-8E92-C250F70FADAE}.Debug|Any CPU.Build.0 = Debug|Any CPU
		{1D6C0B49-B2C0-4CB1-8E92-C250F70FADAE}.Release|Any CPU.ActiveCfg = Release|Any CPU
		{1D6C0B49-B2C0-4CB1-8E92-C250F70FADAE}.Release|Any CPU.Build.0 = Release|Any CPU
		{7E4CDC00-B6A4-4EBE-8AEF-8DF42DF98605}.Debug|Any CPU.ActiveCfg = Debug|Any CPU
		{7E4CDC00-B6A4-4EBE-8AEF-8DF42DF98605}.Debug|Any CPU.Build.0 = Debug|Any CPU
		{7E4CDC00-B6A4-4EBE-8AEF-8DF42DF98605}.Release|Any CPU.ActiveCfg = Release|Any CPU
		{7E4CDC00-B6A4-4EBE-8AEF-8DF42DF98605}.Release|Any CPU.Build.0 = Release|Any CPU
		{67B6A25F-DE78-4DC8-ABC7-5D47A798611A}.Debug|Any CPU.ActiveCfg = Debug|Any CPU
		{67B6A25F-DE78-4DC8-ABC7-5D47A798611A}.Debug|Any CPU.Build.0 = Debug|Any CPU
		{67B6A25F-DE78-4DC8-ABC7-5D47A798611A}.Release|Any CPU.ActiveCfg = Release|Any CPU
		{67B6A25F-DE78-4DC8-ABC7-5D47A798611A}.Release|Any CPU.Build.0 = Release|Any CPU
		{DA93FDC6-E504-49A3-82B9-D979B3FDE14F}.Debug|Any CPU.ActiveCfg = Debug|Any CPU
		{DA93FDC6-E504-49A3-82B9-D979B3FDE14F}.Debug|Any CPU.Build.0 = Debug|Any CPU
		{DA93FDC6-E504-49A3-82B9-D979B3FDE14F}.Release|Any CPU.ActiveCfg = Release|Any CPU
		{DA93FDC6-E504-49A3-82B9-D979B3FDE14F}.Release|Any CPU.Build.0 = Release|Any CPU
		{100DEE45-DEFE-474C-C353-FF04C7287450}.Debug|Any CPU.ActiveCfg = Debug|Any CPU
		{100DEE45-DEFE-474C-C353-FF04C7287450}.Debug|Any CPU.Build.0 = Debug|Any CPU
		{100DEE45-DEFE-474C-C353-FF04C7287450}.Release|Any CPU.ActiveCfg = Release|Any CPU
		{100DEE45-DEFE-474C-C353-FF04C7287450}.Release|Any CPU.Build.0 = Release|Any CPU
	EndGlobalSection
	GlobalSection(SolutionProperties) = preSolution
		HideSolutionNode = FALSE
	EndGlobalSection
	GlobalSection(ExtensibilityGlobals) = postSolution
		SolutionGuid = {91AEF0DF-B567-40A8-B56E-66DDBDF2E495}
	EndGlobalSection
EndGlobal
