
Microsoft Visual Studio Solution File, Format Version 12.00
# Visual Studio Version 17
VisualStudioVersion = 17.0.31903.59
MinimumVisualStudioVersion = 10.0.40219.1
Project("{9A19103F-16F7-4668-BE54-9A1E7A4F7556}") = "Foundation", "Foundation6\Foundation.csproj", "{A6EDCEAE-BB11-48BC-BAF0-44BF1469DFB2}"
EndProject
Project("{9A19103F-16F7-4668-BE54-9A1E7A4F7556}") = "Foundation.Tests", "Foundation6.Tests\Foundation.Tests.csproj", "{BBACDFF4-A0C4-4BE4-9006-4492534C91B3}"
EndProject
Project("{9A19103F-16F7-4668-BE54-9A1E7A4F7556}") = "Foundation.Benchmark", "Foundation6.Benchmark\Foundation.Benchmark.csproj", "{033A2155-2C38-4C69-A917-70BE435F2E75}"
EndProject
Project("{9A19103F-16F7-4668-BE54-9A1E7A4F7556}") = "Foundation.DesignPatterns", "Foundation.DesignPatterns\Foundation.DesignPatterns.csproj", "{2ABDB946-8A46-4E5D-930D-A395AA07CD28}"
EndProject
Project("{9A19103F-16F7-4668-BE54-9A1E7A4F7556}") = "Foundation.TestUtil", "Foundation6.TestUtil\Foundation.TestUtil.csproj", "{742913AF-FC98-4483-9FCB-523B9EE1745B}"
EndProject
Project("{9A19103F-16F7-4668-BE54-9A1E7A4F7556}") = "Foundation.Algorithms", "Foundation.Algorithms\Foundation.Algorithms.csproj", "{1D6C0B49-B2C0-4CB1-8E92-C250F70FADAE}"
EndProject
Project("{FAE04EC0-301F-11D3-BF4B-00C04F79EFBC}") = "Foundation.DI", "Foundation.DI\Foundation.DI.csproj", "{7E4CDC00-B6A4-4EBE-8AEF-8DF42DF98605}"
EndProject
Global
	GlobalSection(SolutionConfigurationPlatforms) = preSolution
		Debug|Any CPU = Debug|Any CPU
		Release|Any CPU = Release|Any CPU
	EndGlobalSection
	GlobalSection(ProjectConfigurationPlatforms) = postSolution
		{A6EDCEAE-BB11-48BC-BAF0-44BF1469DFB2}.Debug|Any CPU.ActiveCfg = Debug|Any CPU
		{A6EDCEAE-BB11-48BC-BAF0-44BF1469DFB2}.Debug|Any CPU.Build.0 = Debug|Any CPU
		{A6EDCEAE-BB11-48BC-BAF0-44BF1469DFB2}.Release|Any CPU.ActiveCfg = Release|Any CPU
		{A6EDCEAE-BB11-48BC-BAF0-44BF1469DFB2}.Release|Any CPU.Build.0 = Release|Any CPU
		{BBACDFF4-A0C4-4BE4-9006-4492534C91B3}.Debug|Any CPU.ActiveCfg = Debug|Any CPU
		{BBACDFF4-A0C4-4BE4-9006-4492534C91B3}.Debug|Any CPU.Build.0 = Debug|Any CPU
		{BBACDFF4-A0C4-4BE4-9006-4492534C91B3}.Release|Any CPU.ActiveCfg = Release|Any CPU
		{BBACDFF4-A0C4-4BE4-9006-4492534C91B3}.Release|Any CPU.Build.0 = Release|Any CPU
		{033A2155-2C38-4C69-A917-70BE435F2E75}.Debug|Any CPU.ActiveCfg = Debug|Any CPU
		{033A2155-2C38-4C69-A917-70BE435F2E75}.Debug|Any CPU.Build.0 = Debug|Any CPU
		{033A2155-2C38-4C69-A917-70BE435F2E75}.Release|Any CPU.ActiveCfg = Release|Any CPU
		{033A2155-2C38-4C69-A917-70BE435F2E75}.Release|Any CPU.Build.0 = Release|Any CPU
		{2ABDB946-8A46-4E5D-930D-A395AA07CD28}.Debug|Any CPU.ActiveCfg = Debug|Any CPU
		{2ABDB946-8A46-4E5D-930D-A395AA07CD28}.Debug|Any CPU.Build.0 = Debug|Any CPU
		{2ABDB946-8A46-4E5D-930D-A395AA07CD28}.Release|Any CPU.ActiveCfg = Release|Any CPU
		{2ABDB946-8A46-4E5D-930D-A395AA07CD28}.Release|Any CPU.Build.0 = Release|Any CPU
		{742913AF-FC98-4483-9FCB-523B9EE1745B}.Debug|Any CPU.ActiveCfg = Debug|Any CPU
		{742913AF-FC98-4483-9FCB-523B9EE1745B}.Debug|Any CPU.Build.0 = Debug|Any CPU
		{742913AF-FC98-4483-9FCB-523B9EE1745B}.Release|Any CPU.ActiveCfg = Release|Any CPU
		{742913AF-FC98-4483-9FCB-523B9EE1745B}.Release|Any CPU.Build.0 = Release|Any CPU
		{1D6C0B49-B2C0-4CB1-8E92-C250F70FADAE}.Debug|Any CPU.ActiveCfg = Debug|Any CPU
		{1D6C0B49-B2C0-4CB1-8E92-C250F70FADAE}.Debug|Any CPU.Build.0 = Debug|Any CPU
		{1D6C0B49-B2C0-4CB1-8E92-C250F70FADAE}.Release|Any CPU.ActiveCfg = Release|Any CPU
		{1D6C0B49-B2C0-4CB1-8E92-C250F70FADAE}.Release|Any CPU.Build.0 = Release|Any CPU
		{7E4CDC00-B6A4-4EBE-8AEF-8DF42DF98605}.Debug|Any CPU.ActiveCfg = Debug|Any CPU
		{7E4CDC00-B6A4-4EBE-8AEF-8DF42DF98605}.Debug|Any CPU.Build.0 = Debug|Any CPU
		{7E4CDC00-B6A4-4EBE-8AEF-8DF42DF98605}.Release|Any CPU.ActiveCfg = Release|Any CPU
		{7E4CDC00-B6A4-4EBE-8AEF-8DF42DF98605}.Release|Any CPU.Build.0 = Release|Any CPU
	EndGlobalSection
	GlobalSection(SolutionProperties) = preSolution
		HideSolutionNode = FALSE
	EndGlobalSection
	GlobalSection(ExtensibilityGlobals) = postSolution
		SolutionGuid = {91AEF0DF-B567-40A8-B56E-66DDBDF2E495}
	EndGlobalSection
EndGlobal
