
Microsoft Visual Studio Solution File, Format Version 12.00
# Visual Studio Version 17
VisualStudioVersion = 17.0.31903.59
MinimumVisualStudioVersion = 10.0.40219.1
Project("{9A19103F-16F7-4668-BE54-9A1E7A4F7556}") = "Foundation", "Foundation6\Foundation.csproj", "{A6EDCEAE-BB11-48BC-BAF0-44BF1469DFB2}"
EndProject
Project("{9A19103F-16F7-4668-BE54-9A1E7A4F7556}") = "Foundation.Test", "Foundation6.Test\Foundation.Test.csproj", "{6F03407D-487A-4D93-B168-54B573587438}"
EndProject
Project("{9A19103F-16F7-4668-BE54-9A1E7A4F7556}") = "Foundation.Tests", "Foundation6.Tests\Foundation.Tests.csproj", "{BBACDFF4-A0C4-4BE4-9006-4492534C91B3}"
EndProject
Project("{9A19103F-16F7-4668-BE54-9A1E7A4F7556}") = "Foundation.Benchmark", "Foundation6.Benchmark\Foundation.Benchmark.csproj", "{033A2155-2C38-4C69-A917-70BE435F2E75}"
EndProject
Project("{FAE04EC0-301F-11D3-BF4B-00C04F79EFBC}") = "Foundation.DesignPatterns", "Foundation.DesignPatterns\Foundation.DesignPatterns.csproj", "{2ABDB946-8A46-4E5D-930D-A395AA07CD28}"
EndProject
Global
	GlobalSection(SolutionConfigurationPlatforms) = preSolution
		Debug|Any CPU = Debug|Any CPU
		Release|Any CPU = Release|Any CPU
	EndGlobalSection
	GlobalSection(ProjectConfigurationPlatforms) = postSolution
		{A6EDCEAE-BB11-48BC-BAF0-44BF1469DFB2}.Debug|Any CPU.ActiveCfg = Debug|Any CPU
		{A6EDCEAE-BB11-48BC-BAF0-44BF1469DFB2}.Debug|Any CPU.Build.0 = Debug|Any CPU
		{A6EDCEAE-BB11-48BC-BAF0-44BF1469DFB2}.Release|Any CPU.ActiveCfg = Release|Any CPU
		{A6EDCEAE-BB11-48BC-BAF0-44BF1469DFB2}.Release|Any CPU.Build.0 = Release|Any CPU
		{6F03407D-487A-4D93-B168-54B573587438}.Debug|Any CPU.ActiveCfg = Debug|Any CPU
		{6F03407D-487A-4D93-B168-54B573587438}.Debug|Any CPU.Build.0 = Debug|Any CPU
		{6F03407D-487A-4D93-B168-54B573587438}.Release|Any CPU.ActiveCfg = Release|Any CPU
		{6F03407D-487A-4D93-B168-54B573587438}.Release|Any CPU.Build.0 = Release|Any CPU
		{BBACDFF4-A0C4-4BE4-9006-4492534C91B3}.Debug|Any CPU.ActiveCfg = Debug|Any CPU
		{BBACDFF4-A0C4-4BE4-9006-4492534C91B3}.Debug|Any CPU.Build.0 = Debug|Any CPU
		{BBACDFF4-A0C4-4BE4-9006-4492534C91B3}.Release|Any CPU.ActiveCfg = Release|Any CPU
		{BBACDFF4-A0C4-4BE4-9006-4492534C91B3}.Release|Any CPU.Build.0 = Release|Any CPU
		{033A2155-2C38-4C69-A917-70BE435F2E75}.Debug|Any CPU.ActiveCfg = Debug|Any CPU
		{033A2155-2C38-4C69-A917-70BE435F2E75}.Debug|Any CPU.Build.0 = Debug|Any CPU
		{033A2155-2C38-4C69-A917-70BE435F2E75}.Release|Any CPU.ActiveCfg = Release|Any CPU
		{033A2155-2C38-4C69-A917-70BE435F2E75}.Release|Any CPU.Build.0 = Release|Any CPU
		{2ABDB946-8A46-4E5D-930D-A395AA07CD28}.Debug|Any CPU.ActiveCfg = Debug|Any CPU
		{2ABDB946-8A46-4E5D-930D-A395AA07CD28}.Debug|Any CPU.Build.0 = Debug|Any CPU
		{2ABDB946-8A46-4E5D-930D-A395AA07CD28}.Release|Any CPU.ActiveCfg = Release|Any CPU
		{2ABDB946-8A46-4E5D-930D-A395AA07CD28}.Release|Any CPU.Build.0 = Release|Any CPU
	EndGlobalSection
	GlobalSection(SolutionProperties) = preSolution
		HideSolutionNode = FALSE
	EndGlobalSection
	GlobalSection(ExtensibilityGlobals) = postSolution
		SolutionGuid = {91AEF0DF-B567-40A8-B56E-66DDBDF2E495}
	EndGlobalSection
EndGlobal
